// !$*UTF8*$!
{
	archiveVersion = 1;
	classes = {
	};
	objectVersion = 46;
	objects = {

/* Begin PBXBuildFile section */
		9FA5BBFE1CEB539000DAE0DB /* AppDelegate.swift in Sources */ = {isa = PBXBuildFile; fileRef = 9FA5BBFD1CEB539000DAE0DB /* AppDelegate.swift */; };
		9FA5BC001CEB539000DAE0DB /* ViewController.swift in Sources */ = {isa = PBXBuildFile; fileRef = 9FA5BBFF1CEB539000DAE0DB /* ViewController.swift */; };
		9FA5BC031CEB539000DAE0DB /* Main.storyboard in Resources */ = {isa = PBXBuildFile; fileRef = 9FA5BC011CEB539000DAE0DB /* Main.storyboard */; };
		9FA5BC051CEB539000DAE0DB /* Assets.xcassets in Resources */ = {isa = PBXBuildFile; fileRef = 9FA5BC041CEB539000DAE0DB /* Assets.xcassets */; };
		9FA5BC081CEB539000DAE0DB /* LaunchScreen.storyboard in Resources */ = {isa = PBXBuildFile; fileRef = 9FA5BC061CEB539000DAE0DB /* LaunchScreen.storyboard */; };
/* End PBXBuildFile section */

/* Begin PBXFileReference section */
		9FA5BBFA1CEB539000DAE0DB /* mayQ3.app */ = {isa = PBXFileReference; explicitFileType = wrapper.application; includeInIndex = 0; path = mayQ3.app; sourceTree = BUILT_PRODUCTS_DIR; };
		9FA5BBFD1CEB539000DAE0DB /* AppDelegate.swift */ = {isa = PBXFileReference; lastKnownFileType = sourcecode.swift; path = AppDelegate.swift; sourceTree = "<group>"; };
		9FA5BBFF1CEB539000DAE0DB /* ViewController.swift */ = {isa = PBXFileReference; lastKnownFileType = sourcecode.swift; path = ViewController.swift; sourceTree = "<group>"; };
		9FA5BC021CEB539000DAE0DB /* Base */ = {isa = PBXFileReference; lastKnownFileType = file.storyboard; name = Base; path = Base.lproj/Main.storyboard; sourceTree = "<group>"; };
		9FA5BC041CEB539000DAE0DB /* Assets.xcassets */ = {isa = PBXFileReference; lastKnownFileType = folder.assetcatalog; path = Assets.xcassets; sourceTree = "<group>"; };
		9FA5BC071CEB539000DAE0DB /* Base */ = {isa = PBXFileReference; lastKnownFileType = file.storyboard; name = Base; path = Base.lproj/LaunchScreen.storyboard; sourceTree = "<group>"; };
		9FA5BC091CEB539000DAE0DB /* Info.plist */ = {isa = PBXFileReference; lastKnownFileType = text.plist.xml; path = Info.plist; sourceTree = "<group>"; };
/* End PBXFileReference section */

/* Begin PBXFrameworksBuildPhase section */
		9FA5BBF71CEB539000DAE0DB /* Frameworks */ = {
			isa = PBXFrameworksBuildPhase;
			buildActionMask = 2147483647;
			files = (
			);
			runOnlyForDeploymentPostprocessing = 0;
		};
/* End PBXFrameworksBuildPhase section */

/* Begin PBXGroup section */
		9FA5BBF11CEB539000DAE0DB = {
			isa = PBXGroup;
			children = (
				9FA5BBFC1CEB539000DAE0DB /* mayQ3 */,
				9FA5BBFB1CEB539000DAE0DB /* Products */,
			);
			sourceTree = "<group>";
		};
		9FA5BBFB1CEB539000DAE0DB /* Products */ = {
			isa = PBXGroup;
			children = (
				9FA5BBFA1CEB539000DAE0DB /* mayQ3.app */,
			);
			name = Products;
			sourceTree = "<group>";
		};
		9FA5BBFC1CEB539000DAE0DB /* mayQ3 */ = {
			isa = PBXGroup;
			children = (
				9FA5BBFD1CEB539000DAE0DB /* AppDelegate.swift */,
				9FA5BBFF1CEB539000DAE0DB /* ViewController.swift */,
				9FA5BC011CEB539000DAE0DB /* Main.storyboard */,
				9FA5BC041CEB539000DAE0DB /* Assets.xcassets */,
				9FA5BC061CEB539000DAE0DB /* LaunchScreen.storyboard */,
				9FA5BC091CEB539000DAE0DB /* Info.plist */,
			);
			path = mayQ3;
			sourceTree = "<group>";
		};
/* End PBXGroup section */

/* Begin PBXNativeTarget section */
		9FA5BBF91CEB539000DAE0DB /* mayQ3 */ = {
			isa = PBXNativeTarget;
			buildConfigurationList = 9FA5BC0C1CEB539000DAE0DB /* Build configuration list for PBXNativeTarget "mayQ3" */;
			buildPhases = (
				9FA5BBF61CEB539000DAE0DB /* Sources */,
				9FA5BBF71CEB539000DAE0DB /* Frameworks */,
				9FA5BBF81CEB539000DAE0DB /* Resources */,
			);
			buildRules = (
			);
			dependencies = (
			);
			name = mayQ3;
			productName = mayQ3;
			productReference = 9FA5BBFA1CEB539000DAE0DB /* mayQ3.app */;
			productType = "com.apple.product-type.application";
		};
/* End PBXNativeTarget section */

/* Begin PBXProject section */
		9FA5BBF21CEB539000DAE0DB /* Project object */ = {
			isa = PBXProject;
			attributes = {
				LastSwiftUpdateCheck = 0730;
				LastUpgradeCheck = 0730;
				ORGANIZATIONNAME = ted.company;
				TargetAttributes = {
					9FA5BBF91CEB539000DAE0DB = {
						CreatedOnToolsVersion = 7.3;
					};
				};
			};
			buildConfigurationList = 9FA5BBF51CEB539000DAE0DB /* Build configuration list for PBXProject "mayQ3" */;
			compatibilityVersion = "Xcode 3.2";
			developmentRegion = English;
			hasScannedForEncodings = 0;
			knownRegions = (
				en,
				Base,
			);
			mainGroup = 9FA5BBF11CEB539000DAE0DB;
			productRefGroup = 9FA5BBFB1CEB539000DAE0DB /* Products */;
			projectDirPath = "";
			projectRoot = "";
			targets = (
				9FA5BBF91CEB539000DAE0DB /* mayQ3 */,
			);
		};
/* End PBXProject section */

/* Begin PBXResourcesBuildPhase section */
		9FA5BBF81CEB539000DAE0DB /* Resources */ = {
			isa = PBXResourcesBuildPhase;
			buildActionMask = 2147483647;
			files = (
				9FA5BC081CEB539000DAE0DB /* LaunchScreen.storyboard in Resources */,
				9FA5BC051CEB539000DAE0DB /* Assets.xcassets in Resources */,
				9FA5BC031CEB539000DAE0DB /* Main.storyboard in Resources */,
			);
			runOnlyForDeploymentPostprocessing = 0;
		};
/* End PBXResourcesBuildPhase section */

/* Begin PBXSourcesBuildPhase section */
		9FA5BBF61CEB539000DAE0DB /* Sources */ = {
			isa = PBXSourcesBuildPhase;
			buildActionMask = 2147483647;
			files = (
				9FA5BC001CEB539000DAE0DB /* ViewController.swift in Sources */,
				9FA5BBFE1CEB539000DAE0DB /* AppDelegate.swift in Sources */,
			);
			runOnlyForDeploymentPostprocessing = 0;
		};
/* End PBXSourcesBuildPhase section */

/* Begin PBXVariantGroup section */
		9FA5BC011CEB539000DAE0DB /* Main.storyboard */ = {
			isa = PBXVariantGroup;
			children = (
				9FA5BC021CEB539000DAE0DB /* Base */,
			);
			name = Main.storyboard;
			sourceTree = "<group>";
		};
		9FA5BC061CEB539000DAE0DB /* LaunchScreen.storyboard */ = {
			isa = PBXVariantGroup;
			children = (
				9FA5BC071CEB539000DAE0DB /* Base */,
			);
			name = LaunchScreen.storyboard;
			sourceTree = "<group>";
		};
/* End PBXVariantGroup section */

/* Begin XCBuildConfiguration section */
		9FA5BC0A1CEB539000DAE0DB /* Debug */ = {
			isa = XCBuildConfiguration;
			buildSettings = {
				ALWAYS_SEARCH_USER_PATHS = NO;
				CLANG_ANALYZER_NONNULL = YES;
				CLANG_CXX_LANGUAGE_STANDARD = "gnu++0x";
				CLANG_CXX_LIBRARY = "libc++";
				CLANG_ENABLE_MODULES = YES;
				CLANG_ENABLE_OBJC_ARC = YES;
				CLANG_WARN_BOOL_CONVERSION = YES;
				CLANG_WARN_CONSTANT_CONVERSION = YES;
				CLANG_WARN_DIRECT_OBJC_ISA_USAGE = YES_ERROR;
				CLANG_WARN_EMPTY_BODY = YES;
				CLANG_WARN_ENUM_CONVERSION = YES;
				CLANG_WARN_INT_CONVERSION = YES;
				CLANG_WARN_OBJC_ROOT_CLASS = YES_ERROR;
				CLANG_WARN_UNREACHABLE_CODE = YES;
				CLANG_WARN__DUPLICATE_METHOD_MATCH = YES;
				"CODE_SIGN_IDENTITY[sdk=iphoneos*]" = "iPhone Developer";
				COPY_PHASE_STRIP = NO;
				DEBUG_INFORMATION_FORMAT = dwarf;
				ENABLE_STRICT_OBJC_MSGSEND = YES;
				ENABLE_TESTABILITY = YES;
				GCC_C_LANGUAGE_STANDARD = gnu99;
				GCC_DYNAMIC_NO_PIC = NO;
				GCC_NO_COMMON_BLOCKS = YES;
				GCC_OPTIMIZATION_LEVEL = 0;
				GCC_PREPROCESSOR_DEFINITIONS = (
					"DEBUG=1",
					"$(inherited)",
				);
				GCC_WARN_64_TO_32_BIT_CONVERSION = YES;
				GCC_WARN_ABOUT_RETURN_TYPE = YES_ERROR;
				GCC_WARN_UNDECLARED_SELECTOR = YES;
				GCC_WARN_UNINITIALIZED_AUTOS = YES_AGGRESSIVE;
				GCC_WARN_UNUSED_FUNCTION = YES;
				GCC_WARN_UNUSED_VARIABLE = YES;
				IPHONEOS_DEPLOYMENT_TARGET = 9.3;
				MTL_ENABLE_DEBUG_INFO = YES;
				ONLY_ACTIVE_ARCH = YES;
				SDKROOT = iphoneos;
				SWIFT_OPTIMIZATION_LEVEL = "-Onone";
			};
			name = Debug;
		};
		9FA5BC0B1CEB539000DAE0DB /* Release */ = {
			isa = XCBuildConfiguration;
			buildSettings = {
				ALWAYS_SEARCH_USER_PATHS = NO;
				CLANG_ANALYZER_NONNULL = YES;
				CLANG_CXX_LANGUAGE_STANDARD = "gnu++0x";
				CLANG_CXX_LIBRARY = "libc++";
				CLANG_ENABLE_MODULES = YES;
				CLANG_ENABLE_OBJC_ARC = YES;
				CLANG_WARN_BOOL_CONVERSION = YES;
				CLANG_WARN_CONSTANT_CONVERSION = YES;
				CLANG_WARN_DIRECT_OBJC_ISA_USAGE = YES_ERROR;
				CLANG_WARN_EMPTY_BODY = YES;
				CLANG_WARN_ENUM_CONVERSION = YES;
				CLANG_WARN_INT_CONVERSION = YES;
				CLANG_WARN_OBJC_ROOT_CLASS = YES_ERROR;
				CLANG_WARN_UNREACHABLE_CODE = YES;
				CLANG_WARN__DUPLICATE_METHOD_MATCH = YES;
				"CODE_SIGN_IDENTITY[sdk=iphoneos*]" = "iPhone Developer";
				COPY_PHASE_STRIP = NO;
				DEBUG_INFORMATION_FORMAT = "dwarf-with-dsym";
				ENABLE_NS_ASSERTIONS = NO;
				ENABLE_STRICT_OBJC_MSGSEND = YES;
				GCC_C_LANGUAGE_STANDARD = gnu99;
				GCC_NO_COMMON_BLOCKS = YES;
				GCC_WARN_64_TO_32_BIT_CONVERSION = YES;
				GCC_WARN_ABOUT_RETURN_TYPE = YES_ERROR;
				GCC_WARN_UNDECLARED_SELECTOR = YES;
				GCC_WARN_UNINITIALIZED_AUTOS = YES_AGGRESSIVE;
				GCC_WARN_UNUSED_FUNCTION = YES;
				GCC_WARN_UNUSED_VARIABLE = YES;
				IPHONEOS_DEPLOYMENT_TARGET = 9.3;
				MTL_ENABLE_DEBUG_INFO = NO;
				SDKROOT = iphoneos;
				VALIDATE_PRODUCT = YES;
			};
			name = Release;
		};
		9FA5BC0D1CEB539000DAE0DB /* Debug */ = {
			isa = XCBuildConfiguration;
			buildSettings = {
				ASSETCATALOG_COMPILER_APPICON_NAME = AppIcon;
				INFOPLIST_FILE = mayQ3/Info.plist;
				LD_RUNPATH_SEARCH_PATHS = "$(inherited) @executable_path/Frameworks";
				PRODUCT_BUNDLE_IDENTIFIER = com.ted.company.mayQ3;
				PRODUCT_NAME = "$(TARGET_NAME)";
			};
			name = Debug;
		};
		9FA5BC0E1CEB539000DAE0DB /* Release */ = {
			isa = XCBuildConfiguration;
			buildSettings = {
				ASSETCATALOG_COMPILER_APPICON_NAME = AppIcon;
				INFOPLIST_FILE = mayQ3/Info.plist;
				LD_RUNPATH_SEARCH_PATHS = "$(inherited) @executable_path/Frameworks";
				PRODUCT_BUNDLE_IDENTIFIER = com.ted.company.mayQ3;
				PRODUCT_NAME = "$(TARGET_NAME)";
			};
			name = Release;
		};
/* End XCBuildConfiguration section */

/* Begin XCConfigurationList section */
		9FA5BBF51CEB539000DAE0DB /* Build configuration list for PBXProject "mayQ3" */ = {
			isa = XCConfigurationList;
			buildConfigurations = (
				9FA5BC0A1CEB539000DAE0DB /* Debug */,
				9FA5BC0B1CEB539000DAE0DB /* Release */,
			);
			defaultConfigurationIsVisible = 0;
			defaultConfigurationName = Release;
		};
		9FA5BC0C1CEB539000DAE0DB /* Build configuration list for PBXNativeTarget "mayQ3" */ = {
			isa = XCConfigurationList;
			buildConfigurations = (
				9FA5BC0D1CEB539000DAE0DB /* Debug */,
				9FA5BC0E1CEB539000DAE0DB /* Release */,
			);
			defaultConfigurationIsVisible = 0;
		};
/* End XCConfigurationList section */
	};
	rootObject = 9FA5BBF21CEB539000DAE0DB /* Project object */;
}
